PODS:
  - Alamofire (4.9.1)
  - NVActivityIndicatorView (5.0.1):
    - NVActivityIndicatorView/Base (= 5.0.1)
  - NVActivityIndicatorView/Base (5.0.1)
  - SwiftyJSON (4.3.0)

DEPENDENCIES:
  - Alamofire (~> 4.7)
  - NVActivityIndicatorView
  - SwiftyJSON (~> 4.0)

SPEC REPOS:
  trunk:
    - Alamofire
    - NVActivityIndicatorView
    - SwiftyJSON

SPEC CHECKSUMS:
  Alamofire: 85e8a02c69d6020a0d734f6054870d7ecb75cf18
  NVActivityIndicatorView: 738e843cb8924e9e4fc3e559d0728031624bf860
  SwiftyJSON: 6faa0040f8b59dead0ee07436cbf76b73c08fd08

PODFILE CHECKSUM: 5100cee7f800ecedee826f6297a20cd3892179e4

COCOAPODS: 1.9.3
